// !$*UTF8*$!
{
	archiveVersion = 1;
	classes = {
	};
	objectVersion = 50;
	objects = {

/* Begin PBXBuildFile section */
		102DAE3821AD8BE1006F3702 /* Contact.swift in Sources */ = {isa = PBXBuildFile; fileRef = 102DAE3721AD8BE1006F3702 /* Contact.swift */; };
		102DAE3A21AFDFBE006F3702 /* ContactsViewController.swift in Sources */ = {isa = PBXBuildFile; fileRef = 102DAE3921AFDFBE006F3702 /* ContactsViewController.swift */; };
		102DAE3C21B03C61006F3702 /* ContactsTableViewCell.swift in Sources */ = {isa = PBXBuildFile; fileRef = 102DAE3B21B03C61006F3702 /* ContactsTableViewCell.swift */; };
		102DAE3E21B03CCB006F3702 /* Extensions.swift in Sources */ = {isa = PBXBuildFile; fileRef = 102DAE3D21B03CCB006F3702 /* Extensions.swift */; };
		1031B8B621CD2B3200EED150 /* Contacts.swift in Sources */ = {isa = PBXBuildFile; fileRef = 1031B8B521CD2B3200EED150 /* Contacts.swift */; };
		10EBDA7A21AD7F0B00C96CA6 /* AppDelegate.swift in Sources */ = {isa = PBXBuildFile; fileRef = 10EBDA7921AD7F0B00C96CA6 /* AppDelegate.swift */; };
		10EBDA7C21AD7F0B00C96CA6 /* AddContactViewController.swift in Sources */ = {isa = PBXBuildFile; fileRef = 10EBDA7B21AD7F0B00C96CA6 /* AddContactViewController.swift */; };
		10EBDA7F21AD7F0B00C96CA6 /* Main.storyboard in Resources */ = {isa = PBXBuildFile; fileRef = 10EBDA7D21AD7F0B00C96CA6 /* Main.storyboard */; };
		10EBDA8221AD7F0B00C96CA6 /* addressBook.xcdatamodeld in Sources */ = {isa = PBXBuildFile; fileRef = 10EBDA8021AD7F0B00C96CA6 /* addressBook.xcdatamodeld */; };
		10EBDA8421AD7F0C00C96CA6 /* Assets.xcassets in Resources */ = {isa = PBXBuildFile; fileRef = 10EBDA8321AD7F0C00C96CA6 /* Assets.xcassets */; };
		10EBDA8721AD7F0C00C96CA6 /* LaunchScreen.storyboard in Resources */ = {isa = PBXBuildFile; fileRef = 10EBDA8521AD7F0C00C96CA6 /* LaunchScreen.storyboard */; };
		10F6E8D521B6DBD10024F612 /* SaveManager.swift in Sources */ = {isa = PBXBuildFile; fileRef = 10F6E8D421B6DBD10024F612 /* SaveManager.swift */; };
		10F6E8D721BE5E000024F612 /* ContactDetailViewController.swift in Sources */ = {isa = PBXBuildFile; fileRef = 10F6E8D621BE5E000024F612 /* ContactDetailViewController.swift */; };
		769A9F1D89DD51214C0026DD /* libPods-addressBook.a in Frameworks */ = {isa = PBXBuildFile; fileRef = 630790FF61835583A7110B72 /* libPods-addressBook.a */; };
/* End PBXBuildFile section */

/* Begin PBXFileReference section */
		0FCD057844627861682F94B5 /* Pods-addressBook.release.xcconfig */ = {isa = PBXFileReference; includeInIndex = 1; lastKnownFileType = text.xcconfig; name = "Pods-addressBook.release.xcconfig"; path = "Pods/Target Support Files/Pods-addressBook/Pods-addressBook.release.xcconfig"; sourceTree = "<group>"; };
		102DAE3721AD8BE1006F3702 /* Contact.swift */ = {isa = PBXFileReference; lastKnownFileType = sourcecode.swift; path = Contact.swift; sourceTree = "<group>"; };
		102DAE3921AFDFBE006F3702 /* ContactsViewController.swift */ = {isa = PBXFileReference; lastKnownFileType = sourcecode.swift; path = ContactsViewController.swift; sourceTree = "<group>"; };
		102DAE3B21B03C61006F3702 /* ContactsTableViewCell.swift */ = {isa = PBXFileReference; lastKnownFileType = sourcecode.swift; path = ContactsTableViewCell.swift; sourceTree = "<group>"; };
		102DAE3D21B03CCB006F3702 /* Extensions.swift */ = {isa = PBXFileReference; lastKnownFileType = sourcecode.swift; path = Extensions.swift; sourceTree = "<group>"; };
		1031B8B521CD2B3200EED150 /* Contacts.swift */ = {isa = PBXFileReference; lastKnownFileType = sourcecode.swift; path = Contacts.swift; sourceTree = "<group>"; };
		10EBDA7621AD7F0B00C96CA6 /* addressBook.app */ = {isa = PBXFileReference; explicitFileType = wrapper.application; includeInIndex = 0; path = addressBook.app; sourceTree = BUILT_PRODUCTS_DIR; };
		10EBDA7921AD7F0B00C96CA6 /* AppDelegate.swift */ = {isa = PBXFileReference; lastKnownFileType = sourcecode.swift; path = AppDelegate.swift; sourceTree = "<group>"; };
		10EBDA7B21AD7F0B00C96CA6 /* AddContactViewController.swift */ = {isa = PBXFileReference; lastKnownFileType = sourcecode.swift; path = AddContactViewController.swift; sourceTree = "<group>"; };
		10EBDA7E21AD7F0B00C96CA6 /* Base */ = {isa = PBXFileReference; lastKnownFileType = file.storyboard; name = Base; path = Base.lproj/Main.storyboard; sourceTree = "<group>"; };
		10EBDA8121AD7F0B00C96CA6 /* addressBook.xcdatamodel */ = {isa = PBXFileReference; lastKnownFileType = wrapper.xcdatamodel; path = addressBook.xcdatamodel; sourceTree = "<group>"; };
		10EBDA8321AD7F0C00C96CA6 /* Assets.xcassets */ = {isa = PBXFileReference; lastKnownFileType = folder.assetcatalog; path = Assets.xcassets; sourceTree = "<group>"; };
		10EBDA8621AD7F0C00C96CA6 /* Base */ = {isa = PBXFileReference; lastKnownFileType = file.storyboard; name = Base; path = Base.lproj/LaunchScreen.storyboard; sourceTree = "<group>"; };
		10EBDA8821AD7F0C00C96CA6 /* Info.plist */ = {isa = PBXFileReference; lastKnownFileType = text.plist.xml; path = Info.plist; sourceTree = "<group>"; };
		10F6E8D421B6DBD10024F612 /* SaveManager.swift */ = {isa = PBXFileReference; lastKnownFileType = sourcecode.swift; path = SaveManager.swift; sourceTree = "<group>"; };
		10F6E8D621BE5E000024F612 /* ContactDetailViewController.swift */ = {isa = PBXFileReference; lastKnownFileType = sourcecode.swift; path = ContactDetailViewController.swift; sourceTree = "<group>"; };
		15B6187A6A9360BF7597BB2B /* Pods-addressBook.debug.xcconfig */ = {isa = PBXFileReference; includeInIndex = 1; lastKnownFileType = text.xcconfig; name = "Pods-addressBook.debug.xcconfig"; path = "Pods/Target Support Files/Pods-addressBook/Pods-addressBook.debug.xcconfig"; sourceTree = "<group>"; };
		630790FF61835583A7110B72 /* libPods-addressBook.a */ = {isa = PBXFileReference; explicitFileType = archive.ar; includeInIndex = 0; path = "libPods-addressBook.a"; sourceTree = BUILT_PRODUCTS_DIR; };
/* End PBXFileReference section */

/* Begin PBXFrameworksBuildPhase section */
		10EBDA7321AD7F0B00C96CA6 /* Frameworks */ = {
			isa = PBXFrameworksBuildPhase;
			buildActionMask = 2147483647;
			files = (
				769A9F1D89DD51214C0026DD /* libPods-addressBook.a in Frameworks */,
			);
			runOnlyForDeploymentPostprocessing = 0;
		};
/* End PBXFrameworksBuildPhase section */

/* Begin PBXGroup section */
		102DAE3F21B03EFC006F3702 /* SupportingFiles */ = {
			isa = PBXGroup;
			children = (
				10EBDA8521AD7F0C00C96CA6 /* LaunchScreen.storyboard */,
				10EBDA7921AD7F0B00C96CA6 /* AppDelegate.swift */,
				10EBDA8321AD7F0C00C96CA6 /* Assets.xcassets */,
				10EBDA8021AD7F0B00C96CA6 /* addressBook.xcdatamodeld */,
			);
			path = SupportingFiles;
			sourceTree = "<group>";
		};
		102DAE4021B03F36006F3702 /* Extensions */ = {
			isa = PBXGroup;
			children = (
				102DAE3D21B03CCB006F3702 /* Extensions.swift */,
			);
			path = Extensions;
			sourceTree = "<group>";
		};
		102DAE4121B03F4D006F3702 /* Controllers */ = {
			isa = PBXGroup;
			children = (
				102DAE3921AFDFBE006F3702 /* ContactsViewController.swift */,
				10EBDA7B21AD7F0B00C96CA6 /* AddContactViewController.swift */,
				10F6E8D621BE5E000024F612 /* ContactDetailViewController.swift */,
			);
			path = Controllers;
			sourceTree = "<group>";
		};
		102DAE4221B03FC9006F3702 /* Models */ = {
			isa = PBXGroup;
			children = (
				102DAE3721AD8BE1006F3702 /* Contact.swift */,
				10F6E8D421B6DBD10024F612 /* SaveManager.swift */,
				1031B8B521CD2B3200EED150 /* Contacts.swift */,
			);
			path = Models;
			sourceTree = "<group>";
		};
		102DAE4321B03FDB006F3702 /* Cells */ = {
			isa = PBXGroup;
			children = (
				102DAE3B21B03C61006F3702 /* ContactsTableViewCell.swift */,
			);
			path = Cells;
			sourceTree = "<group>";
		};
		10EBDA6D21AD7F0B00C96CA6 = {
			isa = PBXGroup;
			children = (
				10EBDA7821AD7F0B00C96CA6 /* addressBook */,
				10EBDA7721AD7F0B00C96CA6 /* Products */,
				D9EC59BBC965D3B2FA4B40ED /* Frameworks */,
				470FCBE55728C31707CEA9A0 /* Pods */,
			);
			sourceTree = "<group>";
		};
		10EBDA7721AD7F0B00C96CA6 /* Products */ = {
			isa = PBXGroup;
			children = (
				10EBDA7621AD7F0B00C96CA6 /* addressBook.app */,
			);
			name = Products;
			sourceTree = "<group>";
		};
		10EBDA7821AD7F0B00C96CA6 /* addressBook */ = {
			isa = PBXGroup;
			children = (
				102DAE4321B03FDB006F3702 /* Cells */,
				102DAE4221B03FC9006F3702 /* Models */,
				102DAE4121B03F4D006F3702 /* Controllers */,
				102DAE4021B03F36006F3702 /* Extensions */,
				102DAE3F21B03EFC006F3702 /* SupportingFiles */,
				10EBDA7D21AD7F0B00C96CA6 /* Main.storyboard */,
				10EBDA8821AD7F0C00C96CA6 /* Info.plist */,
			);
			path = addressBook;
			sourceTree = "<group>";
		};
		470FCBE55728C31707CEA9A0 /* Pods */ = {
			isa = PBXGroup;
			children = (
				15B6187A6A9360BF7597BB2B /* Pods-addressBook.debug.xcconfig */,
				0FCD057844627861682F94B5 /* Pods-addressBook.release.xcconfig */,
			);
			name = Pods;
			sourceTree = "<group>";
		};
		D9EC59BBC965D3B2FA4B40ED /* Frameworks */ = {
			isa = PBXGroup;
			children = (
				630790FF61835583A7110B72 /* libPods-addressBook.a */,
			);
			name = Frameworks;
			sourceTree = "<group>";
		};
/* End PBXGroup section */

/* Begin PBXNativeTarget section */
		10EBDA7521AD7F0B00C96CA6 /* addressBook */ = {
			isa = PBXNativeTarget;
			buildConfigurationList = 10EBDA8B21AD7F0C00C96CA6 /* Build configuration list for PBXNativeTarget "addressBook" */;
			buildPhases = (
				F95A8B1EDFC7F7AFB9D87EFE /* [CP] Check Pods Manifest.lock */,
				10EBDA7221AD7F0B00C96CA6 /* Sources */,
				10EBDA7321AD7F0B00C96CA6 /* Frameworks */,
				10EBDA7421AD7F0B00C96CA6 /* Resources */,
			);
			buildRules = (
			);
			dependencies = (
			);
			name = addressBook;
			productName = addressBook;
			productReference = 10EBDA7621AD7F0B00C96CA6 /* addressBook.app */;
			productType = "com.apple.product-type.application";
		};
/* End PBXNativeTarget section */

/* Begin PBXProject section */
		10EBDA6E21AD7F0B00C96CA6 /* Project object */ = {
			isa = PBXProject;
			attributes = {
				LastSwiftUpdateCheck = 1010;
				LastUpgradeCheck = 1010;
				ORGANIZATIONNAME = "Selin Ersev";
				TargetAttributes = {
					10EBDA7521AD7F0B00C96CA6 = {
						CreatedOnToolsVersion = 10.1;
					};
				};
			};
			buildConfigurationList = 10EBDA7121AD7F0B00C96CA6 /* Build configuration list for PBXProject "addressBook" */;
			compatibilityVersion = "Xcode 9.3";
			developmentRegion = en;
			hasScannedForEncodings = 0;
			knownRegions = (
				en,
				Base,
			);
			mainGroup = 10EBDA6D21AD7F0B00C96CA6;
			productRefGroup = 10EBDA7721AD7F0B00C96CA6 /* Products */;
			projectDirPath = "";
			projectRoot = "";
			targets = (
				10EBDA7521AD7F0B00C96CA6 /* addressBook */,
			);
		};
/* End PBXProject section */

/* Begin PBXResourcesBuildPhase section */
		10EBDA7421AD7F0B00C96CA6 /* Resources */ = {
			isa = PBXResourcesBuildPhase;
			buildActionMask = 2147483647;
			files = (
				10EBDA8721AD7F0C00C96CA6 /* LaunchScreen.storyboard in Resources */,
				10EBDA8421AD7F0C00C96CA6 /* Assets.xcassets in Resources */,
				10EBDA7F21AD7F0B00C96CA6 /* Main.storyboard in Resources */,
			);
			runOnlyForDeploymentPostprocessing = 0;
		};
/* End PBXResourcesBuildPhase section */

/* Begin PBXShellScriptBuildPhase section */
		F95A8B1EDFC7F7AFB9D87EFE /* [CP] Check Pods Manifest.lock */ = {
			isa = PBXShellScriptBuildPhase;
			buildActionMask = 2147483647;
			files = (
			);
			inputPaths = (
				"${PODS_PODFILE_DIR_PATH}/Podfile.lock",
				"${PODS_ROOT}/Manifest.lock",
			);
			name = "[CP] Check Pods Manifest.lock";
			outputPaths = (
				"$(DERIVED_FILE_DIR)/Pods-addressBook-checkManifestLockResult.txt",
			);
			runOnlyForDeploymentPostprocessing = 0;
			shellPath = /bin/sh;
			shellScript = "diff \"${PODS_PODFILE_DIR_PATH}/Podfile.lock\" \"${PODS_ROOT}/Manifest.lock\" > /dev/null\nif [ $? != 0 ] ; then\n    # print error to STDERR\n    echo \"error: The sandbox is not in sync with the Podfile.lock. Run 'pod install' or update your CocoaPods installation.\" >&2\n    exit 1\nfi\n# This output is used by Xcode 'outputs' to avoid re-running this script phase.\necho \"SUCCESS\" > \"${SCRIPT_OUTPUT_FILE_0}\"\n";
			showEnvVarsInLog = 0;
		};
/* End PBXShellScriptBuildPhase section */

/* Begin PBXSourcesBuildPhase section */
		10EBDA7221AD7F0B00C96CA6 /* Sources */ = {
			isa = PBXSourcesBuildPhase;
			buildActionMask = 2147483647;
			files = (
				102DAE3A21AFDFBE006F3702 /* ContactsViewController.swift in Sources */,
				10EBDA7C21AD7F0B00C96CA6 /* AddContactViewController.swift in Sources */,
				102DAE3E21B03CCB006F3702 /* Extensions.swift in Sources */,
				102DAE3C21B03C61006F3702 /* ContactsTableViewCell.swift in Sources */,
				102DAE3821AD8BE1006F3702 /* Contact.swift in Sources */,
				10EBDA7A21AD7F0B00C96CA6 /* AppDelegate.swift in Sources */,
				1031B8B621CD2B3200EED150 /* Contacts.swift in Sources */,
				10F6E8D721BE5E000024F612 /* ContactDetailViewController.swift in Sources */,
				10F6E8D521B6DBD10024F612 /* SaveManager.swift in Sources */,
				10EBDA8221AD7F0B00C96CA6 /* addressBook.xcdatamodeld in Sources */,
			);
			runOnlyForDeploymentPostprocessing = 0;
		};
/* End PBXSourcesBuildPhase section */

/* Begin PBXVariantGroup section */
		10EBDA7D21AD7F0B00C96CA6 /* Main.storyboard */ = {
			isa = PBXVariantGroup;
			children = (
				10EBDA7E21AD7F0B00C96CA6 /* Base */,
			);
			name = Main.storyboard;
			sourceTree = "<group>";
		};
		10EBDA8521AD7F0C00C96CA6 /* LaunchScreen.storyboard */ = {
			isa = PBXVariantGroup;
			children = (
				10EBDA8621AD7F0C00C96CA6 /* Base */,
			);
			name = LaunchScreen.storyboard;
			sourceTree = "<group>";
		};
/* End PBXVariantGroup section */

/* Begin XCBuildConfiguration section */
		10EBDA8921AD7F0C00C96CA6 /* Debug */ = {
			isa = XCBuildConfiguration;
			buildSettings = {
				ALWAYS_SEARCH_USER_PATHS = NO;
				CLANG_ANALYZER_NONNULL = YES;
				CLANG_ANALYZER_NUMBER_OBJECT_CONVERSION = YES_AGGRESSIVE;
				CLANG_CXX_LANGUAGE_STANDARD = "gnu++14";
				CLANG_CXX_LIBRARY = "libc++";
				CLANG_ENABLE_MODULES = YES;
				CLANG_ENABLE_OBJC_ARC = YES;
				CLANG_ENABLE_OBJC_WEAK = YES;
				CLANG_WARN_BLOCK_CAPTURE_AUTORELEASING = YES;
				CLANG_WARN_BOOL_CONVERSION = YES;
				CLANG_WARN_COMMA = YES;
				CLANG_WARN_CONSTANT_CONVERSION = YES;
				CLANG_WARN_DEPRECATED_OBJC_IMPLEMENTATIONS = YES;
				CLANG_WARN_DIRECT_OBJC_ISA_USAGE = YES_ERROR;
				CLANG_WARN_DOCUMENTATION_COMMENTS = YES;
				CLANG_WARN_EMPTY_BODY = YES;
				CLANG_WARN_ENUM_CONVERSION = YES;
				CLANG_WARN_INFINITE_RECURSION = YES;
				CLANG_WARN_INT_CONVERSION = YES;
				CLANG_WARN_NON_LITERAL_NULL_CONVERSION = YES;
				CLANG_WARN_OBJC_IMPLICIT_RETAIN_SELF = YES;
				CLANG_WARN_OBJC_LITERAL_CONVERSION = YES;
				CLANG_WARN_OBJC_ROOT_CLASS = YES_ERROR;
				CLANG_WARN_RANGE_LOOP_ANALYSIS = YES;
				CLANG_WARN_STRICT_PROTOTYPES = YES;
				CLANG_WARN_SUSPICIOUS_MOVE = YES;
				CLANG_WARN_UNGUARDED_AVAILABILITY = YES_AGGRESSIVE;
				CLANG_WARN_UNREACHABLE_CODE = YES;
				CLANG_WARN__DUPLICATE_METHOD_MATCH = YES;
				CODE_SIGN_IDENTITY = "iPhone Developer";
				COPY_PHASE_STRIP = NO;
				DEBUG_INFORMATION_FORMAT = dwarf;
				ENABLE_STRICT_OBJC_MSGSEND = YES;
				ENABLE_TESTABILITY = YES;
				GCC_C_LANGUAGE_STANDARD = gnu11;
				GCC_DYNAMIC_NO_PIC = NO;
				GCC_NO_COMMON_BLOCKS = YES;
				GCC_OPTIMIZATION_LEVEL = 0;
				GCC_PREPROCESSOR_DEFINITIONS = (
					"DEBUG=1",
					"$(inherited)",
				);
				GCC_WARN_64_TO_32_BIT_CONVERSION = YES;
				GCC_WARN_ABOUT_RETURN_TYPE = YES_ERROR;
				GCC_WARN_UNDECLARED_SELECTOR = YES;
				GCC_WARN_UNINITIALIZED_AUTOS = YES_AGGRESSIVE;
				GCC_WARN_UNUSED_FUNCTION = YES;
				GCC_WARN_UNUSED_VARIABLE = YES;
				IPHONEOS_DEPLOYMENT_TARGET = 12.1;
				MTL_ENABLE_DEBUG_INFO = INCLUDE_SOURCE;
				MTL_FAST_MATH = YES;
				ONLY_ACTIVE_ARCH = YES;
				SDKROOT = iphoneos;
				SWIFT_ACTIVE_COMPILATION_CONDITIONS = DEBUG;
				SWIFT_OPTIMIZATION_LEVEL = "-Onone";
			};
			name = Debug;
		};
		10EBDA8A21AD7F0C00C96CA6 /* Release */ = {
			isa = XCBuildConfiguration;
			buildSettings = {
				ALWAYS_SEARCH_USER_PATHS = NO;
				CLANG_ANALYZER_NONNULL = YES;
				CLANG_ANALYZER_NUMBER_OBJECT_CONVERSION = YES_AGGRESSIVE;
				CLANG_CXX_LANGUAGE_STANDARD = "gnu++14";
				CLANG_CXX_LIBRARY = "libc++";
				CLANG_ENABLE_MODULES = YES;
				CLANG_ENABLE_OBJC_ARC = YES;
				CLANG_ENABLE_OBJC_WEAK = YES;
				CLANG_WARN_BLOCK_CAPTURE_AUTORELEASING = YES;
				CLANG_WARN_BOOL_CONVERSION = YES;
				CLANG_WARN_COMMA = YES;
				CLANG_WARN_CONSTANT_CONVERSION = YES;
				CLANG_WARN_DEPRECATED_OBJC_IMPLEMENTATIONS = YES;
				CLANG_WARN_DIRECT_OBJC_ISA_USAGE = YES_ERROR;
				CLANG_WARN_DOCUMENTATION_COMMENTS = YES;
				CLANG_WARN_EMPTY_BODY = YES;
				CLANG_WARN_ENUM_CONVERSION = YES;
				CLANG_WARN_INFINITE_RECURSION = YES;
				CLANG_WARN_INT_CONVERSION = YES;
				CLANG_WARN_NON_LITERAL_NULL_CONVERSION = YES;
				CLANG_WARN_OBJC_IMPLICIT_RETAIN_SELF = YES;
				CLANG_WARN_OBJC_LITERAL_CONVERSION = YES;
				CLANG_WARN_OBJC_ROOT_CLASS = YES_ERROR;
				CLANG_WARN_RANGE_LOOP_ANALYSIS = YES;
				CLANG_WARN_STRICT_PROTOTYPES = YES;
				CLANG_WARN_SUSPICIOUS_MOVE = YES;
				CLANG_WARN_UNGUARDED_AVAILABILITY = YES_AGGRESSIVE;
				CLANG_WARN_UNREACHABLE_CODE = YES;
				CLANG_WARN__DUPLICATE_METHOD_MATCH = YES;
				CODE_SIGN_IDENTITY = "iPhone Developer";
				COPY_PHASE_STRIP = NO;
				DEBUG_INFORMATION_FORMAT = "dwarf-with-dsym";
				ENABLE_NS_ASSERTIONS = NO;
				ENABLE_STRICT_OBJC_MSGSEND = YES;
				GCC_C_LANGUAGE_STANDARD = gnu11;
				GCC_NO_COMMON_BLOCKS = YES;
				GCC_WARN_64_TO_32_BIT_CONVERSION = YES;
				GCC_WARN_ABOUT_RETURN_TYPE = YES_ERROR;
				GCC_WARN_UNDECLARED_SELECTOR = YES;
				GCC_WARN_UNINITIALIZED_AUTOS = YES_AGGRESSIVE;
				GCC_WARN_UNUSED_FUNCTION = YES;
				GCC_WARN_UNUSED_VARIABLE = YES;
				IPHONEOS_DEPLOYMENT_TARGET = 12.1;
				MTL_ENABLE_DEBUG_INFO = NO;
				MTL_FAST_MATH = YES;
				SDKROOT = iphoneos;
				SWIFT_COMPILATION_MODE = wholemodule;
				SWIFT_OPTIMIZATION_LEVEL = "-O";
				VALIDATE_PRODUCT = YES;
			};
			name = Release;
		};
		10EBDA8C21AD7F0C00C96CA6 /* Debug */ = {
			isa = XCBuildConfiguration;
			baseConfigurationReference = 15B6187A6A9360BF7597BB2B /* Pods-addressBook.debug.xcconfig */;
			buildSettings = {
				ASSETCATALOG_COMPILER_APPICON_NAME = AppIcon;
				CODE_SIGN_STYLE = Automatic;
				DEVELOPMENT_TEAM = ZSATZE2MZ7;
				INFOPLIST_FILE = addressBook/Info.plist;
				LD_RUNPATH_SEARCH_PATHS = "$(inherited) @executable_path/Frameworks";
				PRODUCT_BUNDLE_IDENTIFIER = com.selinersev.addressBook;
				PRODUCT_NAME = "$(TARGET_NAME)";
				SWIFT_VERSION = 4.2;
				TARGETED_DEVICE_FAMILY = "1,2";
			};
			name = Debug;
		};
		10EBDA8D21AD7F0C00C96CA6 /* Release */ = {
			isa = XCBuildConfiguration;
			baseConfigurationReference = 0FCD057844627861682F94B5 /* Pods-addressBook.release.xcconfig */;
			buildSettings = {
				ASSETCATALOG_COMPILER_APPICON_NAME = AppIcon;
				CODE_SIGN_STYLE = Automatic;
				DEVELOPMENT_TEAM = ZSATZE2MZ7;
				INFOPLIST_FILE = addressBook/Info.plist;
				LD_RUNPATH_SEARCH_PATHS = "$(inherited) @executable_path/Frameworks";
				PRODUCT_BUNDLE_IDENTIFIER = com.selinersev.addressBook;
				PRODUCT_NAME = "$(TARGET_NAME)";
				SWIFT_VERSION = 4.2;
				TARGETED_DEVICE_FAMILY = "1,2";
			};
			name = Release;
		};
/* End XCBuildConfiguration section */

/* Begin XCConfigurationList section */
		10EBDA7121AD7F0B00C96CA6 /* Build configuration list for PBXProject "addressBook" */ = {
			isa = XCConfigurationList;
			buildConfigurations = (
				10EBDA8921AD7F0C00C96CA6 /* Debug */,
				10EBDA8A21AD7F0C00C96CA6 /* Release */,
			);
			defaultConfigurationIsVisible = 0;
			defaultConfigurationName = Release;
		};
		10EBDA8B21AD7F0C00C96CA6 /* Build configuration list for PBXNativeTarget "addressBook" */ = {
			isa = XCConfigurationList;
			buildConfigurations = (
				10EBDA8C21AD7F0C00C96CA6 /* Debug */,
				10EBDA8D21AD7F0C00C96CA6 /* Release */,
			);
			defaultConfigurationIsVisible = 0;
			defaultConfigurationName = Release;
		};
/* End XCConfigurationList section */

/* Begin XCVersionGroup section */
		10EBDA8021AD7F0B00C96CA6 /* addressBook.xcdatamodeld */ = {
			isa = XCVersionGroup;
			children = (
				10EBDA8121AD7F0B00C96CA6 /* addressBook.xcdatamodel */,
			);
			currentVersion = 10EBDA8121AD7F0B00C96CA6 /* addressBook.xcdatamodel */;
			path = addressBook.xcdatamodeld;
			sourceTree = "<group>";
			versionGroupType = wrapper.xcdatamodel;
		};
/* End XCVersionGroup section */
	};
	rootObject = 10EBDA6E21AD7F0B00C96CA6 /* Project object */;
}
